
Microsoft Visual Studio Solution File, Format Version 12.00
# Visual Studio Version 16
VisualStudioVersion = 16.0.31729.503
MinimumVisualStudioVersion = 10.0.40219.1
Project("{FAE04EC0-301F-11D3-BF4B-00C04F79EFBC}") = "TDD1", "TDD1\TDD1.csproj", "{56318086-B38D-4C77-9F03-803F89E62DC0}"
EndProject
Project("{FAE04EC0-301F-11D3-BF4B-00C04F79EFBC}") = "TDDTestProject", "TDDTestProject\TDDTestProject.csproj", "{723082BA-2BE9-4F68-9A2A-35D11294383D}"
EndProject
Project("{FAE04EC0-301F-11D3-BF4B-00C04F79EFBC}") = "TDDCore", "TDDCore\TDDCore.csproj", "{52D581C8-03BB-4907-971C-DBEAFD60783E}"
EndProject
Global
	GlobalSection(SolutionConfigurationPlatforms) = preSolution
		Debug|Any CPU = Debug|Any CPU
		Release|Any CPU = Release|Any CPU
	EndGlobalSection
	GlobalSection(ProjectConfigurationPlatforms) = postSolution
		{56318086-B38D-4C77-9F03-803F89E62DC0}.Debug|Any CPU.ActiveCfg = Debug|Any CPU
		{56318086-B38D-4C77-9F03-803F89E62DC0}.Debug|Any CPU.Build.0 = Debug|Any CPU
		{56318086-B38D-4C77-9F03-803F89E62DC0}.Release|Any CPU.ActiveCfg = Release|Any CPU
		{56318086-B38D-4C77-9F03-803F89E62DC0}.Release|Any CPU.Build.0 = Release|Any CPU
		{723082BA-2BE9-4F68-9A2A-35D11294383D}.Debug|Any CPU.ActiveCfg = Debug|Any CPU
		{723082BA-2BE9-4F68-9A2A-35D11294383D}.Debug|Any CPU.Build.0 = Debug|Any CPU
		{723082BA-2BE9-4F68-9A2A-35D11294383D}.Release|Any CPU.ActiveCfg = Release|Any CPU
		{723082BA-2BE9-4F68-9A2A-35D11294383D}.Release|Any CPU.Build.0 = Release|Any CPU
		{52D581C8-03BB-4907-971C-DBEAFD60783E}.Debug|Any CPU.ActiveCfg = Debug|Any CPU
		{52D581C8-03BB-4907-971C-DBEAFD60783E}.Debug|Any CPU.Build.0 = Debug|Any CPU
		{52D581C8-03BB-4907-971C-DBEAFD60783E}.Release|Any CPU.ActiveCfg = Release|Any CPU
		{52D581C8-03BB-4907-971C-DBEAFD60783E}.Release|Any CPU.Build.0 = Release|Any CPU
	EndGlobalSection
	GlobalSection(SolutionProperties) = preSolution
		HideSolutionNode = FALSE
	EndGlobalSection
	GlobalSection(ExtensibilityGlobals) = postSolution
		SolutionGuid = {84FE0CE5-8F20-4743-845C-07BB7F067DD7}
	EndGlobalSection
EndGlobal
